
Microsoft Visual Studio Solution File, Format Version 12.00
# Visual Studio 15
VisualStudioVersion = 15.0.27703.2035
MinimumVisualStudioVersion = 10.0.40219.1
Project("{FAE04EC0-301F-11D3-BF4B-00C04F79EFBC}") = "ReactivePropertySample", "ReactivePropertySample\ReactivePropertySample.csproj", "{679456D4-D4DD-4A6C-8D91-DE764A39B866}"
EndProject
Project("{FAE04EC0-301F-11D3-BF4B-00C04F79EFBC}") = "ViewModule", "ViewModule\ViewModule.csproj", "{67288D38-5D39-4FF6-B312-234E7B13B1A6}"
EndProject
Project("{FAE04EC0-301F-11D3-BF4B-00C04F79EFBC}") = "Domain", "Domain\Domain.csproj", "{70498835-59AA-44C4-805E-DFB56370AF35}"
EndProject
Project("{FAE04EC0-301F-11D3-BF4B-00C04F79EFBC}") = "Instances", "Instances\Instances.csproj", "{38A077DF-449C-4DAC-8BE4-F5690991646D}"
EndProject
Global
	GlobalSection(SolutionConfigurationPlatforms) = preSolution
		Debug|Any CPU = Debug|Any CPU
		Debug|x64 = Debug|x64
		Debug|x86 = Debug|x86
		Release|Any CPU = Release|Any CPU
		Release|x64 = Release|x64
		Release|x86 = Release|x86
	EndGlobalSection
	GlobalSection(ProjectConfigurationPlatforms) = postSolution
		{679456D4-D4DD-4A6C-8D91-DE764A39B866}.Debug|Any CPU.ActiveCfg = Debug|Any CPU
		{679456D4-D4DD-4A6C-8D91-DE764A39B866}.Debug|Any CPU.Build.0 = Debug|Any CPU
		{679456D4-D4DD-4A6C-8D91-DE764A39B866}.Debug|x64.ActiveCfg = Debug|x64
		{679456D4-D4DD-4A6C-8D91-DE764A39B866}.Debug|x64.Build.0 = Debug|x64
		{679456D4-D4DD-4A6C-8D91-DE764A39B866}.Debug|x86.ActiveCfg = Debug|x86
		{679456D4-D4DD-4A6C-8D91-DE764A39B866}.Debug|x86.Build.0 = Debug|x86
		{679456D4-D4DD-4A6C-8D91-DE764A39B866}.Release|Any CPU.ActiveCfg = Release|Any CPU
		{679456D4-D4DD-4A6C-8D91-DE764A39B866}.Release|Any CPU.Build.0 = Release|Any CPU
		{679456D4-D4DD-4A6C-8D91-DE764A39B866}.Release|x64.ActiveCfg = Release|x64
		{679456D4-D4DD-4A6C-8D91-DE764A39B866}.Release|x64.Build.0 = Release|x64
		{679456D4-D4DD-4A6C-8D91-DE764A39B866}.Release|x86.ActiveCfg = Release|x86
		{679456D4-D4DD-4A6C-8D91-DE764A39B866}.Release|x86.Build.0 = Release|x86
		{67288D38-5D39-4FF6-B312-234E7B13B1A6}.Debug|Any CPU.ActiveCfg = Debug|Any CPU
		{67288D38-5D39-4FF6-B312-234E7B13B1A6}.Debug|Any CPU.Build.0 = Debug|Any CPU
		{67288D38-5D39-4FF6-B312-234E7B13B1A6}.Debug|x64.ActiveCfg = Debug|x64
		{67288D38-5D39-4FF6-B312-234E7B13B1A6}.Debug|x64.Build.0 = Debug|x64
		{67288D38-5D39-4FF6-B312-234E7B13B1A6}.Debug|x86.ActiveCfg = Debug|x86
		{67288D38-5D39-4FF6-B312-234E7B13B1A6}.Debug|x86.Build.0 = Debug|x86
		{67288D38-5D39-4FF6-B312-234E7B13B1A6}.Release|Any CPU.ActiveCfg = Release|Any CPU
		{67288D38-5D39-4FF6-B312-234E7B13B1A6}.Release|Any CPU.Build.0 = Release|Any CPU
		{67288D38-5D39-4FF6-B312-234E7B13B1A6}.Release|x64.ActiveCfg = Release|x64
		{67288D38-5D39-4FF6-B312-234E7B13B1A6}.Release|x64.Build.0 = Release|x64
		{67288D38-5D39-4FF6-B312-234E7B13B1A6}.Release|x86.ActiveCfg = Release|x86
		{67288D38-5D39-4FF6-B312-234E7B13B1A6}.Release|x86.Build.0 = Release|x86
		{70498835-59AA-44C4-805E-DFB56370AF35}.Debug|Any CPU.ActiveCfg = Debug|Any CPU
		{70498835-59AA-44C4-805E-DFB56370AF35}.Debug|Any CPU.Build.0 = Debug|Any CPU
		{70498835-59AA-44C4-805E-DFB56370AF35}.Debug|x64.ActiveCfg = Debug|x64
		{70498835-59AA-44C4-805E-DFB56370AF35}.Debug|x64.Build.0 = Debug|x64
		{70498835-59AA-44C4-805E-DFB56370AF35}.Debug|x86.ActiveCfg = Debug|x86
		{70498835-59AA-44C4-805E-DFB56370AF35}.Debug|x86.Build.0 = Debug|x86
		{70498835-59AA-44C4-805E-DFB56370AF35}.Release|Any CPU.ActiveCfg = Release|Any CPU
		{70498835-59AA-44C4-805E-DFB56370AF35}.Release|Any CPU.Build.0 = Release|Any CPU
		{70498835-59AA-44C4-805E-DFB56370AF35}.Release|x64.ActiveCfg = Release|x64
		{70498835-59AA-44C4-805E-DFB56370AF35}.Release|x64.Build.0 = Release|x64
		{70498835-59AA-44C4-805E-DFB56370AF35}.Release|x86.ActiveCfg = Release|x86
		{70498835-59AA-44C4-805E-DFB56370AF35}.Release|x86.Build.0 = Release|x86
		{38A077DF-449C-4DAC-8BE4-F5690991646D}.Debug|Any CPU.ActiveCfg = Debug|Any CPU
		{38A077DF-449C-4DAC-8BE4-F5690991646D}.Debug|Any CPU.Build.0 = Debug|Any CPU
		{38A077DF-449C-4DAC-8BE4-F5690991646D}.Debug|x64.ActiveCfg = Debug|x64
		{38A077DF-449C-4DAC-8BE4-F5690991646D}.Debug|x64.Build.0 = Debug|x64
		{38A077DF-449C-4DAC-8BE4-F5690991646D}.Debug|x86.ActiveCfg = Debug|x86
		{38A077DF-449C-4DAC-8BE4-F5690991646D}.Debug|x86.Build.0 = Debug|x86
		{38A077DF-449C-4DAC-8BE4-F5690991646D}.Release|Any CPU.ActiveCfg = Release|Any CPU
		{38A077DF-449C-4DAC-8BE4-F5690991646D}.Release|Any CPU.Build.0 = Release|Any CPU
		{38A077DF-449C-4DAC-8BE4-F5690991646D}.Release|x64.ActiveCfg = Release|x64
		{38A077DF-449C-4DAC-8BE4-F5690991646D}.Release|x64.Build.0 = Release|x64
		{38A077DF-449C-4DAC-8BE4-F5690991646D}.Release|x86.ActiveCfg = Release|x86
		{38A077DF-449C-4DAC-8BE4-F5690991646D}.Release|x86.Build.0 = Release|x86
	EndGlobalSection
	GlobalSection(SolutionProperties) = preSolution
		HideSolutionNode = FALSE
	EndGlobalSection
	GlobalSection(ExtensibilityGlobals) = postSolution
		SolutionGuid = {B756ACE8-9C2B-48D9-B772-E67AD0379D68}
	EndGlobalSection
EndGlobal
